
Microsoft Visual Studio Solution File, Format Version 12.00
# Visual Studio Version 16
VisualStudioVersion = 16.0.29519.87
MinimumVisualStudioVersion = 10.0.40219.1
Project("{FAE04EC0-301F-11D3-BF4B-00C04F79EFBC}") = "ScheduleMVCApp", "ScheduleMVCApp\ScheduleMVCApp.csproj", "{F1B72C5A-B50D-4C68-9BC1-962EA1BB7E80}"
EndProject
Global
	GlobalSection(SolutionConfigurationPlatforms) = preSolution
		Debug|Any CPU = Debug|Any CPU
		Release|Any CPU = Release|Any CPU
	EndGlobalSection
	GlobalSection(ProjectConfigurationPlatforms) = postSolution
		{F1B72C5A-B50D-4C68-9BC1-962EA1BB7E80}.Debug|Any CPU.ActiveCfg = Debug|Any CPU
		{F1B72C5A-B50D-4C68-9BC1-962EA1BB7E80}.Debug|Any CPU.Build.0 = Debug|Any CPU
		{F1B72C5A-B50D-4C68-9BC1-962EA1BB7E80}.Release|Any CPU.ActiveCfg = Release|Any CPU
		{F1B72C5A-B50D-4C68-9BC1-962EA1BB7E80}.Release|Any CPU.Build.0 = Release|Any CPU
	EndGlobalSection
	GlobalSection(SolutionProperties) = preSolution
		HideSolutionNode = FALSE
	EndGlobalSection
	GlobalSection(ExtensibilityGlobals) = postSolution
		SolutionGuid = {7FEA088A-9A24-4BF4-AC66-265E6F41812B}
	EndGlobalSection
EndGlobal
